
Microsoft Visual Studio Solution File, Format Version 12.00
# Visual Studio Version 16
VisualStudioVersion = 16.0.30509.190
MinimumVisualStudioVersion = 10.0.40219.1
Project("{9A19103F-16F7-4668-BE54-9A1E7A4F7556}") = "Avatar", "src\Avatar\Avatar.csproj", "{EA843183-0AB9-40E3-B09C-FCA8599E8E8A}"
EndProject
Project("{2150E333-8FDC-42A3-9474-1A3956D46DE8}") = "Solution Items", "Solution Items", "{AB748028-AEB8-4CB5-B19F-15E5F92ED71F}"
	ProjectSection(SolutionItems) = preProject
		src\.editorconfig = src\.editorconfig
		src\Directory.Packages.props = src\Directory.Packages.props
		src\Directory.props = src\Directory.props
		src\Directory.targets = src\Directory.targets
		readme.md = readme.md
	EndProjectSection
EndProject
Project("{9A19103F-16F7-4668-BE54-9A1E7A4F7556}") = "Avatar.UnitTests", "src\Avatar.UnitTests\Avatar.UnitTests.csproj", "{766CB6E6-24EF-4CC4-AB05-A45637765838}"
EndProject
Project("{9A19103F-16F7-4668-BE54-9A1E7A4F7556}") = "ManualAvatars", "src\ManualAvatars\ManualAvatars.csproj", "{D1EB27BA-BA63-4118-B374-BB14BD4C9CD5}"
EndProject
Project("{13B669BE-BB05-4DDF-9536-439F39A36129}") = "Avatar.Package", "src\Avatar.Package\Avatar.Package.msbuildproj", "{A997BFF1-3735-4231-A926-113070B0DF5E}"
EndProject
Project("{2150E333-8FDC-42A3-9474-1A3956D46DE8}") = "workflows", "workflows", "{E1FA02D5-89FF-4C7D-80F1-F94117386637}"
	ProjectSection(SolutionItems) = preProject
		.github\workflows\build.yml = .github\workflows\build.yml
		.github\workflows\pages.yml = .github\workflows\pages.yml
		.github\workflows\release.yml = .github\workflows\release.yml
		.github\workflows\tag.yml = .github\workflows\tag.yml
	EndProjectSection
EndProject
Project("{9A19103F-16F7-4668-BE54-9A1E7A4F7556}") = "Avatar.CodeAnalysis", "src\Avatar.CodeAnalysis\Avatar.CodeAnalysis.csproj", "{6668E6C9-128B-4D2C-9041-C3EB573DC9A7}"
EndProject
Project("{9A19103F-16F7-4668-BE54-9A1E7A4F7556}") = "Avatar.StaticProxy", "src\Avatar.StaticProxy\Avatar.StaticProxy.csproj", "{E6C7D2A1-E425-4B25-879A-C7EE8B642C1D}"
EndProject
Project("{9A19103F-16F7-4668-BE54-9A1E7A4F7556}") = "Avatar.DynamicProxy", "src\Avatar.DynamicProxy\Avatar.DynamicProxy.csproj", "{EE910E63-2490-434C-961E-83C088ADC5C2}"
EndProject
Project("{9A19103F-16F7-4668-BE54-9A1E7A4F7556}") = "Avatar.IntegrationTests", "src\Avatar.IntegrationTests\Avatar.IntegrationTests.csproj", "{349999C7-0F55-460C-BBB2-8C45D7BC00E8}"
EndProject
Project("{2150E333-8FDC-42A3-9474-1A3956D46DE8}") = ".devcontainer", ".devcontainer", "{0E7B5D81-4B5E-46D5-8AD1-5F24CF767A55}"
	ProjectSection(SolutionItems) = preProject
		.devcontainer\.devcontainer.json = .devcontainer\.devcontainer.json
		.devcontainer\Dockerfile = .devcontainer\Dockerfile
	EndProjectSection
EndProject
Project("{13B669BE-BB05-4DDF-9536-439F39A36129}") = "Pack", "src\Pack\Pack.msbuildproj", "{09AB48C5-E13E-425B-813E-37C2B0416329}"
EndProject
Project("{2150E333-8FDC-42A3-9474-1A3956D46DE8}") = "Toolsets", "Toolsets", "{C1AA62FB-A439-4D67-8CE8-3C8CD3D64CCA}"
EndProject
Project("{9A19103F-16F7-4668-BE54-9A1E7A4F7556}") = "Avatar.StaticProxy.3.9.0", "src\Avatar.StaticProxy\Avatar.StaticProxy.3.9.0.csproj", "{DCF50EAC-6E65-472E-ADEF-569F7A5CA3B3}"
EndProject
Project("{2150E333-8FDC-42A3-9474-1A3956D46DE8}") = "docs", "docs", "{273BC3C6-5343-4E99-8F88-F1A3FC7BB353}"
	ProjectSection(SolutionItems) = preProject
		docs\docfx.json = docs\docfx.json
		docs\favicon.ico = docs\favicon.ico
		docs\filter.yml = docs\filter.yml
		docs\index.md = docs\index.md
		docs\logo.svg = docs\logo.svg
		docs\toc.yml = docs\toc.yml
	EndProjectSection
EndProject
Project("{2150E333-8FDC-42A3-9474-1A3956D46DE8}") = ".github", ".github", "{0667EE64-CBCC-4F36-AA18-53A64B115191}"
EndProject
Project("{2150E333-8FDC-42A3-9474-1A3956D46DE8}") = "api", "api", "{4D8E739B-92BA-418F-85AF-930680B81EBB}"
	ProjectSection(SolutionItems) = preProject
		docs\api\.gitignore = docs\api\.gitignore
		docs\api\index.md = docs\api\index.md
	EndProjectSection
EndProject
Project("{2150E333-8FDC-42A3-9474-1A3956D46DE8}") = "template", "template", "{6786DCE6-40F9-432D-A15A-C6D7253D73CA}"
EndProject
Project("{2150E333-8FDC-42A3-9474-1A3956D46DE8}") = "partials", "partials", "{0DEBAC63-84A2-49AD-817A-2FB7E6AC67D1}"
	ProjectSection(SolutionItems) = preProject
		docs\template\partials\head.tmpl.partial = docs\template\partials\head.tmpl.partial
		docs\template\partials\scripts.tmpl.partial = docs\template\partials\scripts.tmpl.partial
	EndProjectSection
EndProject
Project("{2150E333-8FDC-42A3-9474-1A3956D46DE8}") = "favicon", "favicon", "{E568D845-08A0-4C21-8E4F-0E0AD1D95ABB}"
	ProjectSection(SolutionItems) = preProject
		docs\favicon\android-chrome-192x192.png = docs\favicon\android-chrome-192x192.png
		docs\favicon\android-chrome-512x512.png = docs\favicon\android-chrome-512x512.png
		docs\favicon\apple-touch-icon.png = docs\favicon\apple-touch-icon.png
		docs\favicon\favicon-16x16.png = docs\favicon\favicon-16x16.png
		docs\favicon\favicon-32x32.png = docs\favicon\favicon-32x32.png
		docs\favicon\site.webmanifest = docs\favicon\site.webmanifest
	EndProjectSection
EndProject
Project("{2150E333-8FDC-42A3-9474-1A3956D46DE8}") = "styles", "styles", "{74F67E99-20EA-43BF-8585-76420607FA13}"
	ProjectSection(SolutionItems) = preProject
		docs\styles\main.css = docs\styles\main.css
		docs\styles\main.js = docs\styles\main.js
	EndProjectSection
EndProject
Global
	GlobalSection(SolutionConfigurationPlatforms) = preSolution
		Debug|Any CPU = Debug|Any CPU
		Release|Any CPU = Release|Any CPU
	EndGlobalSection
	GlobalSection(ProjectConfigurationPlatforms) = postSolution
		{EA843183-0AB9-40E3-B09C-FCA8599E8E8A}.Debug|Any CPU.ActiveCfg = Debug|Any CPU
		{EA843183-0AB9-40E3-B09C-FCA8599E8E8A}.Debug|Any CPU.Build.0 = Debug|Any CPU
		{EA843183-0AB9-40E3-B09C-FCA8599E8E8A}.Release|Any CPU.ActiveCfg = Release|Any CPU
		{EA843183-0AB9-40E3-B09C-FCA8599E8E8A}.Release|Any CPU.Build.0 = Release|Any CPU
		{766CB6E6-24EF-4CC4-AB05-A45637765838}.Debug|Any CPU.ActiveCfg = Debug|Any CPU
		{766CB6E6-24EF-4CC4-AB05-A45637765838}.Debug|Any CPU.Build.0 = Debug|Any CPU
		{766CB6E6-24EF-4CC4-AB05-A45637765838}.Release|Any CPU.ActiveCfg = Release|Any CPU
		{766CB6E6-24EF-4CC4-AB05-A45637765838}.Release|Any CPU.Build.0 = Release|Any CPU
		{D1EB27BA-BA63-4118-B374-BB14BD4C9CD5}.Debug|Any CPU.ActiveCfg = Debug|Any CPU
		{D1EB27BA-BA63-4118-B374-BB14BD4C9CD5}.Debug|Any CPU.Build.0 = Debug|Any CPU
		{D1EB27BA-BA63-4118-B374-BB14BD4C9CD5}.Release|Any CPU.ActiveCfg = Release|Any CPU
		{D1EB27BA-BA63-4118-B374-BB14BD4C9CD5}.Release|Any CPU.Build.0 = Release|Any CPU
		{A997BFF1-3735-4231-A926-113070B0DF5E}.Debug|Any CPU.ActiveCfg = Debug|Any CPU
		{A997BFF1-3735-4231-A926-113070B0DF5E}.Debug|Any CPU.Build.0 = Debug|Any CPU
		{A997BFF1-3735-4231-A926-113070B0DF5E}.Release|Any CPU.ActiveCfg = Release|Any CPU
		{A997BFF1-3735-4231-A926-113070B0DF5E}.Release|Any CPU.Build.0 = Release|Any CPU
		{6668E6C9-128B-4D2C-9041-C3EB573DC9A7}.Debug|Any CPU.ActiveCfg = Debug|Any CPU
		{6668E6C9-128B-4D2C-9041-C3EB573DC9A7}.Debug|Any CPU.Build.0 = Debug|Any CPU
		{6668E6C9-128B-4D2C-9041-C3EB573DC9A7}.Release|Any CPU.ActiveCfg = Release|Any CPU
		{6668E6C9-128B-4D2C-9041-C3EB573DC9A7}.Release|Any CPU.Build.0 = Release|Any CPU
		{E6C7D2A1-E425-4B25-879A-C7EE8B642C1D}.Debug|Any CPU.ActiveCfg = Debug|Any CPU
		{E6C7D2A1-E425-4B25-879A-C7EE8B642C1D}.Debug|Any CPU.Build.0 = Debug|Any CPU
		{E6C7D2A1-E425-4B25-879A-C7EE8B642C1D}.Release|Any CPU.ActiveCfg = Release|Any CPU
		{E6C7D2A1-E425-4B25-879A-C7EE8B642C1D}.Release|Any CPU.Build.0 = Release|Any CPU
		{EE910E63-2490-434C-961E-83C088ADC5C2}.Debug|Any CPU.ActiveCfg = Debug|Any CPU
		{EE910E63-2490-434C-961E-83C088ADC5C2}.Debug|Any CPU.Build.0 = Debug|Any CPU
		{EE910E63-2490-434C-961E-83C088ADC5C2}.Release|Any CPU.ActiveCfg = Release|Any CPU
		{EE910E63-2490-434C-961E-83C088ADC5C2}.Release|Any CPU.Build.0 = Release|Any CPU
		{349999C7-0F55-460C-BBB2-8C45D7BC00E8}.Debug|Any CPU.ActiveCfg = Debug|Any CPU
		{349999C7-0F55-460C-BBB2-8C45D7BC00E8}.Debug|Any CPU.Build.0 = Debug|Any CPU
		{349999C7-0F55-460C-BBB2-8C45D7BC00E8}.Release|Any CPU.ActiveCfg = Release|Any CPU
		{349999C7-0F55-460C-BBB2-8C45D7BC00E8}.Release|Any CPU.Build.0 = Release|Any CPU
		{09AB48C5-E13E-425B-813E-37C2B0416329}.Debug|Any CPU.ActiveCfg = Debug|Any CPU
		{09AB48C5-E13E-425B-813E-37C2B0416329}.Debug|Any CPU.Build.0 = Debug|Any CPU
		{09AB48C5-E13E-425B-813E-37C2B0416329}.Release|Any CPU.ActiveCfg = Release|Any CPU
		{09AB48C5-E13E-425B-813E-37C2B0416329}.Release|Any CPU.Build.0 = Release|Any CPU
		{DCF50EAC-6E65-472E-ADEF-569F7A5CA3B3}.Debug|Any CPU.ActiveCfg = Debug|Any CPU
		{DCF50EAC-6E65-472E-ADEF-569F7A5CA3B3}.Debug|Any CPU.Build.0 = Debug|Any CPU
		{DCF50EAC-6E65-472E-ADEF-569F7A5CA3B3}.Release|Any CPU.ActiveCfg = Release|Any CPU
		{DCF50EAC-6E65-472E-ADEF-569F7A5CA3B3}.Release|Any CPU.Build.0 = Release|Any CPU
	EndGlobalSection
	GlobalSection(SolutionProperties) = preSolution
		HideSolutionNode = FALSE
	EndGlobalSection
	GlobalSection(NestedProjects) = preSolution
		{E1FA02D5-89FF-4C7D-80F1-F94117386637} = {0667EE64-CBCC-4F36-AA18-53A64B115191}
		{0E7B5D81-4B5E-46D5-8AD1-5F24CF767A55} = {0667EE64-CBCC-4F36-AA18-53A64B115191}
		{DCF50EAC-6E65-472E-ADEF-569F7A5CA3B3} = {C1AA62FB-A439-4D67-8CE8-3C8CD3D64CCA}
		{4D8E739B-92BA-418F-85AF-930680B81EBB} = {273BC3C6-5343-4E99-8F88-F1A3FC7BB353}
		{6786DCE6-40F9-432D-A15A-C6D7253D73CA} = {273BC3C6-5343-4E99-8F88-F1A3FC7BB353}
		{0DEBAC63-84A2-49AD-817A-2FB7E6AC67D1} = {6786DCE6-40F9-432D-A15A-C6D7253D73CA}
		{E568D845-08A0-4C21-8E4F-0E0AD1D95ABB} = {273BC3C6-5343-4E99-8F88-F1A3FC7BB353}
		{74F67E99-20EA-43BF-8585-76420607FA13} = {273BC3C6-5343-4E99-8F88-F1A3FC7BB353}
	EndGlobalSection
	GlobalSection(ExtensibilityGlobals) = postSolution
		SolutionGuid = {5EC1923A-DA53-4C10-99E5-F3862D5F4445}
	EndGlobalSection
EndGlobal
