
Microsoft Visual Studio Solution File, Format Version 12.00
# Visual Studio Version 16
VisualStudioVersion = 16.0.30509.190
MinimumVisualStudioVersion = 10.0.40219.1
Project("{9A19103F-16F7-4668-BE54-9A1E7A4F7556}") = "Stunts", "src\Stunts\Stunts.csproj", "{EA843183-0AB9-40E3-B09C-FCA8599E8E8A}"
EndProject
Project("{2150E333-8FDC-42A3-9474-1A3956D46DE8}") = "Solution Items", "Solution Items", "{AB748028-AEB8-4CB5-B19F-15E5F92ED71F}"
	ProjectSection(SolutionItems) = preProject
		.editorconfig = .editorconfig
		azure-pipelines.yml = azure-pipelines.yml
		src\Directory.Build.props = src\Directory.Build.props
		src\Directory.Build.targets = src\Directory.Build.targets
		src\Directory.Packages.props = src\Directory.Packages.props
		README.md = README.md
	EndProjectSection
EndProject
Project("{9A19103F-16F7-4668-BE54-9A1E7A4F7556}") = "Stunts.UnitTests", "src\Stunts.UnitTests\Stunts.UnitTests.csproj", "{766CB6E6-24EF-4CC4-AB05-A45637765838}"
EndProject
Project("{9A19103F-16F7-4668-BE54-9A1E7A4F7556}") = "ManualStunts", "src\ManualStunts\ManualStunts.csproj", "{D1EB27BA-BA63-4118-B374-BB14BD4C9CD5}"
EndProject
Project("{13B669BE-BB05-4DDF-9536-439F39A36129}") = "Stunts.Package", "src\Stunts.Package\Stunts.Package.msbuildproj", "{A997BFF1-3735-4231-A926-113070B0DF5E}"
EndProject
Project("{2150E333-8FDC-42A3-9474-1A3956D46DE8}") = "workflows", "workflows", "{E1FA02D5-89FF-4C7D-80F1-F94117386637}"
	ProjectSection(SolutionItems) = preProject
		.github\workflows\build.yml = .github\workflows\build.yml
		.github\workflows\pages.yml = .github\workflows\pages.yml
		.github\workflows\release.yml = .github\workflows\release.yml
	EndProjectSection
EndProject
Project("{9A19103F-16F7-4668-BE54-9A1E7A4F7556}") = "Stunts.CodeAnalysis", "src\Stunts.CodeAnalysis\Stunts.CodeAnalysis.csproj", "{6668E6C9-128B-4D2C-9041-C3EB573DC9A7}"
EndProject
Project("{9A19103F-16F7-4668-BE54-9A1E7A4F7556}") = "Stunts.StaticProxy", "src\Stunts.StaticProxy\Stunts.StaticProxy.csproj", "{E6C7D2A1-E425-4B25-879A-C7EE8B642C1D}"
EndProject
Project("{9A19103F-16F7-4668-BE54-9A1E7A4F7556}") = "Stunts.DynamicProxy", "src\Stunts.DynamicProxy\Stunts.DynamicProxy.csproj", "{EE910E63-2490-434C-961E-83C088ADC5C2}"
EndProject
Project("{778DAE3C-4631-46EA-AA77-85C1314464D9}") = "Stunts.Basic", "src\Stunts.Basic\Stunts.Basic.vbproj", "{851DF623-1CD9-4A3A-8EB6-9999710BF40A}"
EndProject
Project("{9A19103F-16F7-4668-BE54-9A1E7A4F7556}") = "Stunts.IntegrationTests", "src\Stunts.IntegrationTests\Stunts.IntegrationTests.csproj", "{349999C7-0F55-460C-BBB2-8C45D7BC00E8}"
EndProject
Project("{2150E333-8FDC-42A3-9474-1A3956D46DE8}") = ".devcontainer", ".devcontainer", "{0E7B5D81-4B5E-46D5-8AD1-5F24CF767A55}"
	ProjectSection(SolutionItems) = preProject
		.devcontainer\.devcontainer.json = .devcontainer\.devcontainer.json
		.devcontainer\Dockerfile = .devcontainer\Dockerfile
	EndProjectSection
EndProject
Project("{13B669BE-BB05-4DDF-9536-439F39A36129}") = "Pack", "src\Pack\Pack.msbuildproj", "{09AB48C5-E13E-425B-813E-37C2B0416329}"
EndProject
Global
	GlobalSection(SolutionConfigurationPlatforms) = preSolution
		Debug|Any CPU = Debug|Any CPU
		Release|Any CPU = Release|Any CPU
	EndGlobalSection
	GlobalSection(ProjectConfigurationPlatforms) = postSolution
		{EA843183-0AB9-40E3-B09C-FCA8599E8E8A}.Debug|Any CPU.ActiveCfg = Debug|Any CPU
		{EA843183-0AB9-40E3-B09C-FCA8599E8E8A}.Debug|Any CPU.Build.0 = Debug|Any CPU
		{EA843183-0AB9-40E3-B09C-FCA8599E8E8A}.Release|Any CPU.ActiveCfg = Release|Any CPU
		{EA843183-0AB9-40E3-B09C-FCA8599E8E8A}.Release|Any CPU.Build.0 = Release|Any CPU
		{766CB6E6-24EF-4CC4-AB05-A45637765838}.Debug|Any CPU.ActiveCfg = Debug|Any CPU
		{766CB6E6-24EF-4CC4-AB05-A45637765838}.Debug|Any CPU.Build.0 = Debug|Any CPU
		{766CB6E6-24EF-4CC4-AB05-A45637765838}.Release|Any CPU.ActiveCfg = Release|Any CPU
		{766CB6E6-24EF-4CC4-AB05-A45637765838}.Release|Any CPU.Build.0 = Release|Any CPU
		{D1EB27BA-BA63-4118-B374-BB14BD4C9CD5}.Debug|Any CPU.ActiveCfg = Debug|Any CPU
		{D1EB27BA-BA63-4118-B374-BB14BD4C9CD5}.Debug|Any CPU.Build.0 = Debug|Any CPU
		{D1EB27BA-BA63-4118-B374-BB14BD4C9CD5}.Release|Any CPU.ActiveCfg = Release|Any CPU
		{D1EB27BA-BA63-4118-B374-BB14BD4C9CD5}.Release|Any CPU.Build.0 = Release|Any CPU
		{A997BFF1-3735-4231-A926-113070B0DF5E}.Debug|Any CPU.ActiveCfg = Debug|Any CPU
		{A997BFF1-3735-4231-A926-113070B0DF5E}.Debug|Any CPU.Build.0 = Debug|Any CPU
		{A997BFF1-3735-4231-A926-113070B0DF5E}.Release|Any CPU.ActiveCfg = Release|Any CPU
		{A997BFF1-3735-4231-A926-113070B0DF5E}.Release|Any CPU.Build.0 = Release|Any CPU
		{6668E6C9-128B-4D2C-9041-C3EB573DC9A7}.Debug|Any CPU.ActiveCfg = Debug|Any CPU
		{6668E6C9-128B-4D2C-9041-C3EB573DC9A7}.Debug|Any CPU.Build.0 = Debug|Any CPU
		{6668E6C9-128B-4D2C-9041-C3EB573DC9A7}.Release|Any CPU.ActiveCfg = Release|Any CPU
		{6668E6C9-128B-4D2C-9041-C3EB573DC9A7}.Release|Any CPU.Build.0 = Release|Any CPU
		{E6C7D2A1-E425-4B25-879A-C7EE8B642C1D}.Debug|Any CPU.ActiveCfg = Debug|Any CPU
		{E6C7D2A1-E425-4B25-879A-C7EE8B642C1D}.Debug|Any CPU.Build.0 = Debug|Any CPU
		{E6C7D2A1-E425-4B25-879A-C7EE8B642C1D}.Release|Any CPU.ActiveCfg = Release|Any CPU
		{E6C7D2A1-E425-4B25-879A-C7EE8B642C1D}.Release|Any CPU.Build.0 = Release|Any CPU
		{EE910E63-2490-434C-961E-83C088ADC5C2}.Debug|Any CPU.ActiveCfg = Debug|Any CPU
		{EE910E63-2490-434C-961E-83C088ADC5C2}.Debug|Any CPU.Build.0 = Debug|Any CPU
		{EE910E63-2490-434C-961E-83C088ADC5C2}.Release|Any CPU.ActiveCfg = Release|Any CPU
		{EE910E63-2490-434C-961E-83C088ADC5C2}.Release|Any CPU.Build.0 = Release|Any CPU
		{851DF623-1CD9-4A3A-8EB6-9999710BF40A}.Debug|Any CPU.ActiveCfg = Debug|Any CPU
		{851DF623-1CD9-4A3A-8EB6-9999710BF40A}.Debug|Any CPU.Build.0 = Debug|Any CPU
		{851DF623-1CD9-4A3A-8EB6-9999710BF40A}.Release|Any CPU.ActiveCfg = Release|Any CPU
		{851DF623-1CD9-4A3A-8EB6-9999710BF40A}.Release|Any CPU.Build.0 = Release|Any CPU
		{349999C7-0F55-460C-BBB2-8C45D7BC00E8}.Debug|Any CPU.ActiveCfg = Debug|Any CPU
		{349999C7-0F55-460C-BBB2-8C45D7BC00E8}.Debug|Any CPU.Build.0 = Debug|Any CPU
		{349999C7-0F55-460C-BBB2-8C45D7BC00E8}.Release|Any CPU.ActiveCfg = Release|Any CPU
		{349999C7-0F55-460C-BBB2-8C45D7BC00E8}.Release|Any CPU.Build.0 = Release|Any CPU
		{09AB48C5-E13E-425B-813E-37C2B0416329}.Debug|Any CPU.ActiveCfg = Debug|Any CPU
		{09AB48C5-E13E-425B-813E-37C2B0416329}.Debug|Any CPU.Build.0 = Debug|Any CPU
		{09AB48C5-E13E-425B-813E-37C2B0416329}.Release|Any CPU.ActiveCfg = Release|Any CPU
		{09AB48C5-E13E-425B-813E-37C2B0416329}.Release|Any CPU.Build.0 = Release|Any CPU
	EndGlobalSection
	GlobalSection(SolutionProperties) = preSolution
		HideSolutionNode = FALSE
	EndGlobalSection
	GlobalSection(NestedProjects) = preSolution
		{E1FA02D5-89FF-4C7D-80F1-F94117386637} = {AB748028-AEB8-4CB5-B19F-15E5F92ED71F}
		{0E7B5D81-4B5E-46D5-8AD1-5F24CF767A55} = {AB748028-AEB8-4CB5-B19F-15E5F92ED71F}
	EndGlobalSection
	GlobalSection(ExtensibilityGlobals) = postSolution
		SolutionGuid = {5EC1923A-DA53-4C10-99E5-F3862D5F4445}
	EndGlobalSection
EndGlobal
