
Microsoft Visual Studio Solution File, Format Version 12.00
# Visual Studio Version 16
VisualStudioVersion = 16.0.30524.135
MinimumVisualStudioVersion = 10.0.40219.1
Project("{9A19103F-16F7-4668-BE54-9A1E7A4F7556}") = "Sample", "Sample.csproj", "{46175E79-88FA-4785-8D7C-E4C58CBBE9A5}"
EndProject
Global
	GlobalSection(SolutionConfigurationPlatforms) = preSolution
		Debug|Any CPU = Debug|Any CPU
		Release|Any CPU = Release|Any CPU
	EndGlobalSection
	GlobalSection(ProjectConfigurationPlatforms) = postSolution
		{46175E79-88FA-4785-8D7C-E4C58CBBE9A5}.Debug|Any CPU.ActiveCfg = Debug|Any CPU
		{46175E79-88FA-4785-8D7C-E4C58CBBE9A5}.Debug|Any CPU.Build.0 = Debug|Any CPU
		{46175E79-88FA-4785-8D7C-E4C58CBBE9A5}.Release|Any CPU.ActiveCfg = Release|Any CPU
		{46175E79-88FA-4785-8D7C-E4C58CBBE9A5}.Release|Any CPU.Build.0 = Release|Any CPU
	EndGlobalSection
	GlobalSection(SolutionProperties) = preSolution
		HideSolutionNode = FALSE
	EndGlobalSection
	GlobalSection(ExtensibilityGlobals) = postSolution
		SolutionGuid = {F379AECB-FE85-4A78-851B-CDA2812AD4C4}
	EndGlobalSection
EndGlobal
