
Microsoft Visual Studio Solution File, Format Version 12.00
# Visual Studio Version 16
VisualStudioVersion = 16.0.30524.135
MinimumVisualStudioVersion = 10.0.40219.1
Project("{9A19103F-16F7-4668-BE54-9A1E7A4F7556}") = "Static", "Static\Static.csproj", "{DC54495D-CEC5-499B-894D-63D208720CAB}"
EndProject
Project("{9A19103F-16F7-4668-BE54-9A1E7A4F7556}") = "Dynamic", "Dynamic\Dynamic.csproj", "{E20CF6D3-8024-47C1-ABF4-26EB2CF6276C}"
EndProject
Project("{2150E333-8FDC-42A3-9474-1A3956D46DE8}") = "Solution Items", "Solution Items", "{CC4501BC-984F-4554-8CB0-DE8C85780CE3}"
	ProjectSection(SolutionItems) = preProject
		Directory.Build.props = Directory.Build.props
		Directory.Build.targets = Directory.Build.targets
	EndProjectSection
EndProject
Project("{9A19103F-16F7-4668-BE54-9A1E7A4F7556}") = "Samples", "..\..\samples\Samples\Samples.csproj", "{62326D89-D47B-42AA-8CD5-C874E209FB75}"
EndProject
Global
	GlobalSection(SolutionConfigurationPlatforms) = preSolution
		Debug|Any CPU = Debug|Any CPU
		Release|Any CPU = Release|Any CPU
	EndGlobalSection
	GlobalSection(ProjectConfigurationPlatforms) = postSolution
		{DC54495D-CEC5-499B-894D-63D208720CAB}.Debug|Any CPU.ActiveCfg = Debug|Any CPU
		{DC54495D-CEC5-499B-894D-63D208720CAB}.Debug|Any CPU.Build.0 = Debug|Any CPU
		{DC54495D-CEC5-499B-894D-63D208720CAB}.Release|Any CPU.ActiveCfg = Release|Any CPU
		{DC54495D-CEC5-499B-894D-63D208720CAB}.Release|Any CPU.Build.0 = Release|Any CPU
		{E20CF6D3-8024-47C1-ABF4-26EB2CF6276C}.Debug|Any CPU.ActiveCfg = Debug|Any CPU
		{E20CF6D3-8024-47C1-ABF4-26EB2CF6276C}.Debug|Any CPU.Build.0 = Debug|Any CPU
		{E20CF6D3-8024-47C1-ABF4-26EB2CF6276C}.Release|Any CPU.ActiveCfg = Release|Any CPU
		{E20CF6D3-8024-47C1-ABF4-26EB2CF6276C}.Release|Any CPU.Build.0 = Release|Any CPU
		{62326D89-D47B-42AA-8CD5-C874E209FB75}.Debug|Any CPU.ActiveCfg = Debug|Any CPU
		{62326D89-D47B-42AA-8CD5-C874E209FB75}.Debug|Any CPU.Build.0 = Debug|Any CPU
		{62326D89-D47B-42AA-8CD5-C874E209FB75}.Release|Any CPU.ActiveCfg = Release|Any CPU
		{62326D89-D47B-42AA-8CD5-C874E209FB75}.Release|Any CPU.Build.0 = Release|Any CPU
	EndGlobalSection
	GlobalSection(SolutionProperties) = preSolution
		HideSolutionNode = FALSE
	EndGlobalSection
	GlobalSection(ExtensibilityGlobals) = postSolution
		SolutionGuid = {F3A1B9DC-1879-4B37-B2EE-F1C11EAF66F6}
	EndGlobalSection
EndGlobal
